
Microsoft Visual Studio Solution File, Format Version 12.00
# Visual Studio 15
VisualStudioVersion = 15.0.28307.852
MinimumVisualStudioVersion = 10.0.40219.1
Project("{FAE04EC0-301F-11D3-BF4B-00C04F79EFBC}") = "RDLC_Playground", "RDLC_Playground\RDLC_Playground.csproj", "{F0F696D6-129E-4162-8EBC-7F32FEF039DC}"
EndProject
Global
	GlobalSection(SolutionConfigurationPlatforms) = preSolution
		Debug|Any CPU = Debug|Any CPU
		Release|Any CPU = Release|Any CPU
	EndGlobalSection
	GlobalSection(ProjectConfigurationPlatforms) = postSolution
		{F0F696D6-129E-4162-8EBC-7F32FEF039DC}.Debug|Any CPU.ActiveCfg = Debug|Any CPU
		{F0F696D6-129E-4162-8EBC-7F32FEF039DC}.Debug|Any CPU.Build.0 = Debug|Any CPU
		{F0F696D6-129E-4162-8EBC-7F32FEF039DC}.Release|Any CPU.ActiveCfg = Release|Any CPU
		{F0F696D6-129E-4162-8EBC-7F32FEF039DC}.Release|Any CPU.Build.0 = Release|Any CPU
	EndGlobalSection
	GlobalSection(SolutionProperties) = preSolution
		HideSolutionNode = FALSE
	EndGlobalSection
	GlobalSection(ExtensibilityGlobals) = postSolution
		SolutionGuid = {61960CD5-EE8E-4D03-9652-64065A349728}
	EndGlobalSection
EndGlobal
